
Microsoft Visual Studio Solution File, Format Version 12.00
# Visual Studio Version 16
VisualStudioVersion = 16.0.29728.190
MinimumVisualStudioVersion = 10.0.40219.1
Project("{FAE04EC0-301F-11D3-BF4B-00C04F79EFBC}") = "test", "test\test.csproj", "{14AFD40C-0199-4889-A348-069C38010C84}"
EndProject
Global
	GlobalSection(SolutionConfigurationPlatforms) = preSolution
		Debug|Any CPU = Debug|Any CPU
		Release|Any CPU = Release|Any CPU
	EndGlobalSection
	GlobalSection(ProjectConfigurationPlatforms) = postSolution
		{14AFD40C-0199-4889-A348-069C38010C84}.Debug|Any CPU.ActiveCfg = Debug|Any CPU
		{14AFD40C-0199-4889-A348-069C38010C84}.Debug|Any CPU.Build.0 = Debug|Any CPU
		{14AFD40C-0199-4889-A348-069C38010C84}.Release|Any CPU.ActiveCfg = Release|Any CPU
		{14AFD40C-0199-4889-A348-069C38010C84}.Release|Any CPU.Build.0 = Release|Any CPU
	EndGlobalSection
	GlobalSection(SolutionProperties) = preSolution
		HideSolutionNode = FALSE
	EndGlobalSection
	GlobalSection(ExtensibilityGlobals) = postSolution
		SolutionGuid = {3C4A6BCC-B483-4137-A21E-849B439381D4}
	EndGlobalSection
EndGlobal
